
Microsoft Visual Studio Solution File, Format Version 12.00
# Visual Studio Version 17
VisualStudioVersion = 17.12.35209.166
MinimumVisualStudioVersion = 10.0.40219.1
Project("{FAE04EC0-301F-11D3-BF4B-00C04F79EFBC}") = "Arrays", "Arrays\Arrays.csproj", "{487BE1D0-66A7-4943-ACB4-C615F1D1D600}"
EndProject
Global
	GlobalSection(SolutionConfigurationPlatforms) = preSolution
		Debug|Any CPU = Debug|Any CPU
		Release|Any CPU = Release|Any CPU
	EndGlobalSection
	GlobalSection(ProjectConfigurationPlatforms) = postSolution
		{487BE1D0-66A7-4943-ACB4-C615F1D1D600}.Debug|Any CPU.ActiveCfg = Debug|Any CPU
		{487BE1D0-66A7-4943-ACB4-C615F1D1D600}.Debug|Any CPU.Build.0 = Debug|Any CPU
		{487BE1D0-66A7-4943-ACB4-C615F1D1D600}.Release|Any CPU.ActiveCfg = Release|Any CPU
		{487BE1D0-66A7-4943-ACB4-C615F1D1D600}.Release|Any CPU.Build.0 = Release|Any CPU
	EndGlobalSection
	GlobalSection(SolutionProperties) = preSolution
		HideSolutionNode = FALSE
	EndGlobalSection
	GlobalSection(ExtensibilityGlobals) = postSolution
		SolutionGuid = {7FC0F1D1-43FA-40EF-AD03-59E87D4B3456}
	EndGlobalSection
EndGlobal
